# THIS IS AN AUTOGENERATED FILE. DO NOT EDIT THIS FILE DIRECTLY.
# yarn lockfile v1


murmurhash@^2.0.1:
  version "2.0.1"
  resolved "https://registry.yarnpkg.com/murmurhash/-/murmurhash-2.0.1.tgz#4097720e08cf978872194ad84ea5be2dec9b610f"
  integrity sha512-5vQEh3y+DG/lMPM0mCGPDnyV8chYg/g7rl6v3Gd8WMF9S429ox3Xk8qrk174kWhG767KQMqqxLD1WnGd77hiew==
